Microsoft Visual Studio Solution File, Format Version 12.00
# Visual Studio Version 17
VisualStudioVersion = 17.0.31903.59
MinimumVisualStudioVersion = 10.0.40219.1
Project("{FAE04EC0-301F-11D3-BF4B-00C04F79EFBC}") = "ITProjectPriceCalculationManager.Core", "ITProjectPriceCalculationManager.Core\ITProjectPriceCalculationManager.Core.csproj", "{543774DA-46F7-4333-A1D7-A0BE79D1EBFE}"
EndProject
Project("{FAE04EC0-301F-11D3-BF4B-00C04F79EFBC}") = "ITProjectPriceCalculationManager.Infrastructure", "ITProjectPriceCalculationManager.Infrastructure\ITProjectPriceCalculationManager.Infrastructure.csproj", "{96D6AEF8-7AED-4979-A165-6A34573A3A0B}"
EndProject
Project("{FAE04EC0-301F-11D3-BF4B-00C04F79EFBC}") = "ITProjectPriceCalculationManager.ITProjects.API", "ITProjectPriceCalculationManager.ITProjects.API\ITProjectPriceCalculationManager.ITProjects.API.csproj", "{2331BFDE-3E2D-4756-A011-65C551279034}"
EndProject
Project("{FAE04EC0-301F-11D3-BF4B-00C04F79EFBC}") = "ITProjectPriceCalculationManager.DTOModels", "ITProjectPriceCalculationManager.DTOModels\ITProjectPriceCalculationManager.DTOModels.csproj", "{87F37E2A-BDA4-46C5-BDEB-F367866C2AF5}"
EndProject
Project("{FAE04EC0-301F-11D3-BF4B-00C04F79EFBC}") = "ITProjectPriceCalculationManager.CoreModels", "ITProjectPriceCalculationManager.CoreModels\ITProjectPriceCalculationManager.CoreModels.csproj", "{496F6D02-D921-432A-B2B4-8EFD02CC200C}"
EndProject
Project("{FAE04EC0-301F-11D3-BF4B-00C04F79EFBC}") = "ITProjectPriceCalculationManager.ITProjectsManager.API", "ITProjectPriceCalculationManager.ITProjectsManager.API\ITProjectPriceCalculationManager.ITProjectsManager.API.csproj", "{B3A50590-040F-4322-9156-057A79A22525}"
EndProject
Global
	GlobalSection(SolutionConfigurationPlatforms) = preSolution
		Debug|Any CPU = Debug|Any CPU
		Release|Any CPU = Release|Any CPU
	EndGlobalSection
	GlobalSection(SolutionProperties) = preSolution
		HideSolutionNode = FALSE
	EndGlobalSection
	GlobalSection(ProjectConfigurationPlatforms) = postSolution
		{543774DA-46F7-4333-A1D7-A0BE79D1EBFE}.Debug|Any CPU.ActiveCfg = Debug|Any CPU
		{543774DA-46F7-4333-A1D7-A0BE79D1EBFE}.Debug|Any CPU.Build.0 = Debug|Any CPU
		{543774DA-46F7-4333-A1D7-A0BE79D1EBFE}.Release|Any CPU.ActiveCfg = Release|Any CPU
		{543774DA-46F7-4333-A1D7-A0BE79D1EBFE}.Release|Any CPU.Build.0 = Release|Any CPU
		{96D6AEF8-7AED-4979-A165-6A34573A3A0B}.Debug|Any CPU.ActiveCfg = Debug|Any CPU
		{96D6AEF8-7AED-4979-A165-6A34573A3A0B}.Debug|Any CPU.Build.0 = Debug|Any CPU
		{96D6AEF8-7AED-4979-A165-6A34573A3A0B}.Release|Any CPU.ActiveCfg = Release|Any CPU
		{96D6AEF8-7AED-4979-A165-6A34573A3A0B}.Release|Any CPU.Build.0 = Release|Any CPU
		{3A16B5A2-B6C7-42CA-AA2C-E534EBA8889E}.Debug|Any CPU.ActiveCfg = Debug|Any CPU
		{3A16B5A2-B6C7-42CA-AA2C-E534EBA8889E}.Debug|Any CPU.Build.0 = Debug|Any CPU
		{3A16B5A2-B6C7-42CA-AA2C-E534EBA8889E}.Release|Any CPU.ActiveCfg = Release|Any CPU
		{3A16B5A2-B6C7-42CA-AA2C-E534EBA8889E}.Release|Any CPU.Build.0 = Release|Any CPU
		{30217D97-A3DF-49F8-B6C5-278374C8324D}.Debug|Any CPU.ActiveCfg = Debug|Any CPU
		{30217D97-A3DF-49F8-B6C5-278374C8324D}.Debug|Any CPU.Build.0 = Debug|Any CPU
		{30217D97-A3DF-49F8-B6C5-278374C8324D}.Release|Any CPU.ActiveCfg = Release|Any CPU
		{30217D97-A3DF-49F8-B6C5-278374C8324D}.Release|Any CPU.Build.0 = Release|Any CPU
		{2331BFDE-3E2D-4756-A011-65C551279034}.Debug|Any CPU.ActiveCfg = Debug|Any CPU
		{2331BFDE-3E2D-4756-A011-65C551279034}.Debug|Any CPU.Build.0 = Debug|Any CPU
		{2331BFDE-3E2D-4756-A011-65C551279034}.Release|Any CPU.ActiveCfg = Release|Any CPU
		{2331BFDE-3E2D-4756-A011-65C551279034}.Release|Any CPU.Build.0 = Release|Any CPU
		{87F37E2A-BDA4-46C5-BDEB-F367866C2AF5}.Debug|Any CPU.ActiveCfg = Debug|Any CPU
		{87F37E2A-BDA4-46C5-BDEB-F367866C2AF5}.Debug|Any CPU.Build.0 = Debug|Any CPU
		{87F37E2A-BDA4-46C5-BDEB-F367866C2AF5}.Release|Any CPU.ActiveCfg = Release|Any CPU
		{87F37E2A-BDA4-46C5-BDEB-F367866C2AF5}.Release|Any CPU.Build.0 = Release|Any CPU
		{496F6D02-D921-432A-B2B4-8EFD02CC200C}.Debug|Any CPU.ActiveCfg = Debug|Any CPU
		{496F6D02-D921-432A-B2B4-8EFD02CC200C}.Debug|Any CPU.Build.0 = Debug|Any CPU
		{496F6D02-D921-432A-B2B4-8EFD02CC200C}.Release|Any CPU.ActiveCfg = Release|Any CPU
		{496F6D02-D921-432A-B2B4-8EFD02CC200C}.Release|Any CPU.Build.0 = Release|Any CPU
		{B3A50590-040F-4322-9156-057A79A22525}.Debug|Any CPU.ActiveCfg = Debug|Any CPU
		{B3A50590-040F-4322-9156-057A79A22525}.Debug|Any CPU.Build.0 = Debug|Any CPU
		{B3A50590-040F-4322-9156-057A79A22525}.Release|Any CPU.ActiveCfg = Release|Any CPU
		{B3A50590-040F-4322-9156-057A79A22525}.Release|Any CPU.Build.0 = Release|Any CPU
	EndGlobalSection
EndGlobal
